<Solution>
  <Project Path="../Franthropy/src/Franthropy.Filtering/Franthropy.Filtering.csproj" />
  <Project Path="../Franthropy/src/Franthropy.FFXIV/Franthropy.FFXIV.csproj" />
  <Project Path="../Franthropy/src/Franthropy.Dalamud/Franthropy.Dalamud.csproj" />
  <Project Path="src/Squire/Squire.csproj" />
  <Project Path="tests/Squire.Tests/Squire.Tests.csproj" />
</Solution>

