{
  "version": 1,
  "dependencies": {
    "net10.0-windows7.0": {
      "DalamudPackager": {
        "type": "Direct",
        "requested": "[15.0.0, )",
        "resolved": "15.0.0",
        "contentHash": "411vwC8/X8Z/sQ2TI6v3SvOn66xFPeOjFn3Zn+h0d3Ox2t1kFm66AhDvmx/qcMwVrR+Hidxj0dadpQ2dgyXMBQ=="
      },
      "DotNet.ReproducibleBuilds": {
        "type": "Direct",
        "requested": "[1.2.39, )",
        "resolved": "1.2.39",
        "contentHash": "fcFN01tDTIQqDuTwr1jUQK/geofiwjG5DycJQOnC72i1SsLAk1ELe+apBOuZ11UMQG8YKFZG1FgvjZPbqHyatg=="
      },
      "ECommons": {
        "type": "Transitive",
        "resolved": "3.2.1.15",
        "contentHash": "2BowPSMoVC1v8E/jivCnbqbDLaNMN2uy2lih/hrEIANoh2B7PfydUb7zT/EOl86fEK6Hw88k1Vzvmoe/cHb3EA=="
      },
      "System.Security.Cryptography.ProtectedData": {
        "type": "Transitive",
        "resolved": "9.0.0",
        "contentHash": "CJW+x/F6fmRQ7N6K8paasTw9PDZp4t7G76UjGNlSDgoHPF0h08vTzLYbLZpOLEJSg35d5wy2jCXGo84EN05DpQ=="
      },
      "franthropy.dalamud": {
        "type": "Project",
        "dependencies": {
          "ECommons": "[3.2.1.15, )",
          "Franthropy.Filtering": "[0.1.0, )",
          "System.Security.Cryptography.ProtectedData": "[9.0.0, )"
        }
      },
      "franthropy.filtering": {
        "type": "Project"
      }
    }
  }
}